// !$*UTF8*$!
{
	archiveVersion = 1;
	classes = {
	};
	objectVersion = 56;
	objects = {

/* Begin PBXBuildFile section */
		8272B975299C6DDD00A13C05 /* CSE335Lab3App.swift in Sources */ = {isa = PBXBuildFile; fileRef = 8272B974299C6DDD00A13C05 /* CSE335Lab3App.swift */; };
		8272B977299C6DDD00A13C05 /* ContentView.swift in Sources */ = {isa = PBXBuildFile; fileRef = 8272B976299C6DDD00A13C05 /* ContentView.swift */; };
		8272B979299C6DDD00A13C05 /* Assets.xcassets in Resources */ = {isa = PBXBuildFile; fileRef = 8272B978299C6DDD00A13C05 /* Assets.xcassets */; };
		8272B97D299C6DDD00A13C05 /* Preview Assets.xcassets in Resources */ = {isa = PBXBuildFile; fileRef = 8272B97C299C6DDD00A13C05 /* Preview Assets.xcassets */; };
		8272B987299C6DDE00A13C05 /* CSE335Lab3Tests.swift in Sources */ = {isa = PBXBuildFile; fileRef = 8272B986299C6DDE00A13C05 /* CSE335Lab3Tests.swift */; };
		8272B991299C6DDE00A13C05 /* CSE335Lab3UITests.swift in Sources */ = {isa = PBXBuildFile; fileRef = 8272B990299C6DDE00A13C05 /* CSE335Lab3UITests.swift */; };
		8272B993299C6DDE00A13C05 /* CSE335Lab3UITestsLaunchTests.swift in Sources */ = {isa = PBXBuildFile; fileRef = 8272B992299C6DDE00A13C05 /* CSE335Lab3UITestsLaunchTests.swift */; };
		82F6CDB129A56969000FD1C1 /* movieRecord.swift in Sources */ = {isa = PBXBuildFile; fileRef = 82F6CDB029A56969000FD1C1 /* movieRecord.swift */; };
/* End PBXBuildFile section */

/* Begin PBXContainerItemProxy section */
		8272B983299C6DDE00A13C05 /* PBXContainerItemProxy */ = {
			isa = PBXContainerItemProxy;
			containerPortal = 8272B969299C6DDD00A13C05 /* Project object */;
			proxyType = 1;
			remoteGlobalIDString = 8272B970299C6DDD00A13C05;
			remoteInfo = CSE335Lab3;
		};
		8272B98D299C6DDE00A13C05 /* PBXContainerItemProxy */ = {
			isa = PBXContainerItemProxy;
			containerPortal = 8272B969299C6DDD00A13C05 /* Project object */;
			proxyType = 1;
			remoteGlobalIDString = 8272B970299C6DDD00A13C05;
			remoteInfo = CSE335Lab3;
		};
/* End PBXContainerItemProxy section */

/* Begin PBXFileReference section */
		8272B971299C6DDD00A13C05 /* CSE335Lab3.app */ = {isa = PBXFileReference; explicitFileType = wrapper.application; includeInIndex = 0; path = CSE335Lab3.app; sourceTree = BUILT_PRODUCTS_DIR; };
		8272B974299C6DDD00A13C05 /* CSE335Lab3App.swift */ = {isa = PBXFileReference; lastKnownFileType = sourcecode.swift; path = CSE335Lab3App.swift; sourceTree = "<group>"; };
		8272B976299C6DDD00A13C05 /* ContentView.swift */ = {isa = PBXFileReference; lastKnownFileType = sourcecode.swift; path = ContentView.swift; sourceTree = "<group>"; };
		8272B978299C6DDD00A13C05 /* Assets.xcassets */ = {isa = PBXFileReference; lastKnownFileType = folder.assetcatalog; path = Assets.xcassets; sourceTree = "<group>"; };
		8272B97A299C6DDD00A13C05 /* CSE335Lab3.entitlements */ = {isa = PBXFileReference; lastKnownFileType = text.plist.entitlements; path = CSE335Lab3.entitlements; sourceTree = "<group>"; };
		8272B97C299C6DDD00A13C05 /* Preview Assets.xcassets */ = {isa = PBXFileReference; lastKnownFileType = folder.assetcatalog; path = "Preview Assets.xcassets"; sourceTree = "<group>"; };
		8272B982299C6DDE00A13C05 /* CSE335Lab3Tests.xctest */ = {isa = PBXFileReference; explicitFileType = wrapper.cfbundle; includeInIndex = 0; path = CSE335Lab3Tests.xctest; sourceTree = BUILT_PRODUCTS_DIR; };
		8272B986299C6DDE00A13C05 /* CSE335Lab3Tests.swift */ = {isa = PBXFileReference; lastKnownFileType = sourcecode.swift; path = CSE335Lab3Tests.swift; sourceTree = "<group>"; };
		8272B98C299C6DDE00A13C05 /* CSE335Lab3UITests.xctest */ = {isa = PBXFileReference; explicitFileType = wrapper.cfbundle; includeInIndex = 0; path = CSE335Lab3UITests.xctest; sourceTree = BUILT_PRODUCTS_DIR; };
		8272B990299C6DDE00A13C05 /* CSE335Lab3UITests.swift */ = {isa = PBXFileReference; lastKnownFileType = sourcecode.swift; path = CSE335Lab3UITests.swift; sourceTree = "<group>"; };
		8272B992299C6DDE00A13C05 /* CSE335Lab3UITestsLaunchTests.swift */ = {isa = PBXFileReference; lastKnownFileType = sourcecode.swift; path = CSE335Lab3UITestsLaunchTests.swift; sourceTree = "<group>"; };
		82F6CDB029A56969000FD1C1 /* movieRecord.swift */ = {isa = PBXFileReference; lastKnownFileType = sourcecode.swift; path = movieRecord.swift; sourceTree = "<group>"; };
/* End PBXFileReference section */

/* Begin PBXFrameworksBuildPhase section */
		8272B96E299C6DDD00A13C05 /* Frameworks */ = {
			isa = PBXFrameworksBuildPhase;
			buildActionMask = 2147483647;
			files = (
			);
			runOnlyForDeploymentPostprocessing = 0;
		};
		8272B97F299C6DDE00A13C05 /* Frameworks */ = {
			isa = PBXFrameworksBuildPhase;
			buildActionMask = 2147483647;
			files = (
			);
			runOnlyForDeploymentPostprocessing = 0;
		};
		8272B989299C6DDE00A13C05 /* Frameworks */ = {
			isa = PBXFrameworksBuildPhase;
			buildActionMask = 2147483647;
			files = (
			);
			runOnlyForDeploymentPostprocessing = 0;
		};
/* End PBXFrameworksBuildPhase section */

/* Begin PBXGroup section */
		8272B968299C6DDD00A13C05 = {
			isa = PBXGroup;
			children = (
				8272B973299C6DDD00A13C05 /* CSE335Lab3 */,
				8272B985299C6DDE00A13C05 /* CSE335Lab3Tests */,
				8272B98F299C6DDE00A13C05 /* CSE335Lab3UITests */,
				8272B972299C6DDD00A13C05 /* Products */,
			);
			sourceTree = "<group>";
		};
		8272B972299C6DDD00A13C05 /* Products */ = {
			isa = PBXGroup;
			children = (
				8272B971299C6DDD00A13C05 /* CSE335Lab3.app */,
				8272B982299C6DDE00A13C05 /* CSE335Lab3Tests.xctest */,
				8272B98C299C6DDE00A13C05 /* CSE335Lab3UITests.xctest */,
			);
			name = Products;
			sourceTree = "<group>";
		};
		8272B973299C6DDD00A13C05 /* CSE335Lab3 */ = {
			isa = PBXGroup;
			children = (
				82F6CDB029A56969000FD1C1 /* movieRecord.swift */,
				8272B974299C6DDD00A13C05 /* CSE335Lab3App.swift */,
				8272B976299C6DDD00A13C05 /* ContentView.swift */,
				8272B978299C6DDD00A13C05 /* Assets.xcassets */,
				8272B97A299C6DDD00A13C05 /* CSE335Lab3.entitlements */,
				8272B97B299C6DDD00A13C05 /* Preview Content */,
			);
			path = CSE335Lab3;
			sourceTree = "<group>";
		};
		8272B97B299C6DDD00A13C05 /* Preview Content */ = {
			isa = PBXGroup;
			children = (
				8272B97C299C6DDD00A13C05 /* Preview Assets.xcassets */,
			);
			path = "Preview Content";
			sourceTree = "<group>";
		};
		8272B985299C6DDE00A13C05 /* CSE335Lab3Tests */ = {
			isa = PBXGroup;
			children = (
				8272B986299C6DDE00A13C05 /* CSE335Lab3Tests.swift */,
			);
			path = CSE335Lab3Tests;
			sourceTree = "<group>";
		};
		8272B98F299C6DDE00A13C05 /* CSE335Lab3UITests */ = {
			isa = PBXGroup;
			children = (
				8272B990299C6DDE00A13C05 /* CSE335Lab3UITests.swift */,
				8272B992299C6DDE00A13C05 /* CSE335Lab3UITestsLaunchTests.swift */,
			);
			path = CSE335Lab3UITests;
			sourceTree = "<group>";
		};
/* End PBXGroup section */

/* Begin PBXNativeTarget section */
		8272B970299C6DDD00A13C05 /* CSE335Lab3 */ = {
			isa = PBXNativeTarget;
			buildConfigurationList = 8272B996299C6DDE00A13C05 /* Build configuration list for PBXNativeTarget "CSE335Lab3" */;
			buildPhases = (
				8272B96D299C6DDD00A13C05 /* Sources */,
				8272B96E299C6DDD00A13C05 /* Frameworks */,
				8272B96F299C6DDD00A13C05 /* Resources */,
			);
			buildRules = (
			);
			dependencies = (
			);
			name = CSE335Lab3;
			productName = CSE335Lab3;
			productReference = 8272B971299C6DDD00A13C05 /* CSE335Lab3.app */;
			productType = "com.apple.product-type.application";
		};
		8272B981299C6DDE00A13C05 /* CSE335Lab3Tests */ = {
			isa = PBXNativeTarget;
			buildConfigurationList = 8272B999299C6DDE00A13C05 /* Build configuration list for PBXNativeTarget "CSE335Lab3Tests" */;
			buildPhases = (
				8272B97E299C6DDE00A13C05 /* Sources */,
				8272B97F299C6DDE00A13C05 /* Frameworks */,
				8272B980299C6DDE00A13C05 /* Resources */,
			);
			buildRules = (
			);
			dependencies = (
				8272B984299C6DDE00A13C05 /* PBXTargetDependency */,
			);
			name = CSE335Lab3Tests;
			productName = CSE335Lab3Tests;
			productReference = 8272B982299C6DDE00A13C05 /* CSE335Lab3Tests.xctest */;
			productType = "com.apple.product-type.bundle.unit-test";
		};
		8272B98B299C6DDE00A13C05 /* CSE335Lab3UITests */ = {
			isa = PBXNativeTarget;
			buildConfigurationList = 8272B99C299C6DDE00A13C05 /* Build configuration list for PBXNativeTarget "CSE335Lab3UITests" */;
			buildPhases = (
				8272B988299C6DDE00A13C05 /* Sources */,
				8272B989299C6DDE00A13C05 /* Frameworks */,
				8272B98A299C6DDE00A13C05 /* Resources */,
			);
			buildRules = (
			);
			dependencies = (
				8272B98E299C6DDE00A13C05 /* PBXTargetDependency */,
			);
			name = CSE335Lab3UITests;
			productName = CSE335Lab3UITests;
			productReference = 8272B98C299C6DDE00A13C05 /* CSE335Lab3UITests.xctest */;
			productType = "com.apple.product-type.bundle.ui-testing";
		};
/* End PBXNativeTarget section */

/* Begin PBXProject section */
		8272B969299C6DDD00A13C05 /* Project object */ = {
			isa = PBXProject;
			attributes = {
				BuildIndependentTargetsInParallel = 1;
				LastSwiftUpdateCheck = 1420;
				LastUpgradeCheck = 1420;
				TargetAttributes = {
					8272B970299C6DDD00A13C05 = {
						CreatedOnToolsVersion = 14.2;
					};
					8272B981299C6DDE00A13C05 = {
						CreatedOnToolsVersion = 14.2;
						TestTargetID = 8272B970299C6DDD00A13C05;
					};
					8272B98B299C6DDE00A13C05 = {
						CreatedOnToolsVersion = 14.2;
						TestTargetID = 8272B970299C6DDD00A13C05;
					};
				};
			};
			buildConfigurationList = 8272B96C299C6DDD00A13C05 /* Build configuration list for PBXProject "CSE335Lab3" */;
			compatibilityVersion = "Xcode 14.0";
			developmentRegion = en;
			hasScannedForEncodings = 0;
			knownRegions = (
				en,
				Base,
			);
			mainGroup = 8272B968299C6DDD00A13C05;
			productRefGroup = 8272B972299C6DDD00A13C05 /* Products */;
			projectDirPath = "";
			projectRoot = "";
			targets = (
				8272B970299C6DDD00A13C05 /* CSE335Lab3 */,
				8272B981299C6DDE00A13C05 /* CSE335Lab3Tests */,
				8272B98B299C6DDE00A13C05 /* CSE335Lab3UITests */,
			);
		};
/* End PBXProject section */

/* Begin PBXResourcesBuildPhase section */
		8272B96F299C6DDD00A13C05 /* Resources */ = {
			isa = PBXResourcesBuildPhase;
			buildActionMask = 2147483647;
			files = (
				8272B97D299C6DDD00A13C05 /* Preview Assets.xcassets in Resources */,
				8272B979299C6DDD00A13C05 /* Assets.xcassets in Resources */,
			);
			runOnlyForDeploymentPostprocessing = 0;
		};
		8272B980299C6DDE00A13C05 /* Resources */ = {
			isa = PBXResourcesBuildPhase;
			buildActionMask = 2147483647;
			files = (
			);
			runOnlyForDeploymentPostprocessing = 0;
		};
		8272B98A299C6DDE00A13C05 /* Resources */ = {
			isa = PBXResourcesBuildPhase;
			buildActionMask = 2147483647;
			files = (
			);
			runOnlyForDeploymentPostprocessing = 0;
		};
/* End PBXResourcesBuildPhase section */

/* Begin PBXSourcesBuildPhase section */
		8272B96D299C6DDD00A13C05 /* Sources */ = {
			isa = PBXSourcesBuildPhase;
			buildActionMask = 2147483647;
			files = (
				8272B977299C6DDD00A13C05 /* ContentView.swift in Sources */,
				8272B975299C6DDD00A13C05 /* CSE335Lab3App.swift in Sources */,
				82F6CDB129A56969000FD1C1 /* movieRecord.swift in Sources */,
			);
			runOnlyForDeploymentPostprocessing = 0;
		};
		8272B97E299C6DDE00A13C05 /* Sources */ = {
			isa = PBXSourcesBuildPhase;
			buildActionMask = 2147483647;
			files = (
				8272B987299C6DDE00A13C05 /* CSE335Lab3Tests.swift in Sources */,
			);
			runOnlyForDeploymentPostprocessing = 0;
		};
		8272B988299C6DDE00A13C05 /* Sources */ = {
			isa = PBXSourcesBuildPhase;
			buildActionMask = 2147483647;
			files = (
				8272B993299C6DDE00A13C05 /* CSE335Lab3UITestsLaunchTests.swift in Sources */,
				8272B991299C6DDE00A13C05 /* CSE335Lab3UITests.swift in Sources */,
			);
			runOnlyForDeploymentPostprocessing = 0;
		};
/* End PBXSourcesBuildPhase section */

/* Begin PBXTargetDependency section */
		8272B984299C6DDE00A13C05 /* PBXTargetDependency */ = {
			isa = PBXTargetDependency;
			target = 8272B970299C6DDD00A13C05 /* CSE335Lab3 */;
			targetProxy = 8272B983299C6DDE00A13C05 /* PBXContainerItemProxy */;
		};
		8272B98E299C6DDE00A13C05 /* PBXTargetDependency */ = {
			isa = PBXTargetDependency;
			target = 8272B970299C6DDD00A13C05 /* CSE335Lab3 */;
			targetProxy = 8272B98D299C6DDE00A13C05 /* PBXContainerItemProxy */;
		};
/* End PBXTargetDependency section */

/* Begin XCBuildConfiguration section */
		8272B994299C6DDE00A13C05 /* Debug */ = {
			isa = XCBuildConfiguration;
			buildSettings = {
				ALWAYS_SEARCH_USER_PATHS = NO;
				CLANG_ANALYZER_NONNULL = YES;
				CLANG_ANALYZER_NUMBER_OBJECT_CONVERSION = YES_AGGRESSIVE;
				CLANG_CXX_LANGUAGE_STANDARD = "gnu++20";
				CLANG_ENABLE_MODULES = YES;
				CLANG_ENABLE_OBJC_ARC = YES;
				CLANG_ENABLE_OBJC_WEAK = YES;
				CLANG_WARN_BLOCK_CAPTURE_AUTORELEASING = YES;
				CLANG_WARN_BOOL_CONVERSION = YES;
				CLANG_WARN_COMMA = YES;
				CLANG_WARN_CONSTANT_CONVERSION = YES;
				CLANG_WARN_DEPRECATED_OBJC_IMPLEMENTATIONS = YES;
				CLANG_WARN_DIRECT_OBJC_ISA_USAGE = YES_ERROR;
				CLANG_WARN_DOCUMENTATION_COMMENTS = YES;
				CLANG_WARN_EMPTY_BODY = YES;
				CLANG_WARN_ENUM_CONVERSION = YES;
				CLANG_WARN_INFINITE_RECURSION = YES;
				CLANG_WARN_INT_CONVERSION = YES;
				CLANG_WARN_NON_LITERAL_NULL_CONVERSION = YES;
				CLANG_WARN_OBJC_IMPLICIT_RETAIN_SELF = YES;
				CLANG_WARN_OBJC_LITERAL_CONVERSION = YES;
				CLANG_WARN_OBJC_ROOT_CLASS = YES_ERROR;
				CLANG_WARN_QUOTED_INCLUDE_IN_FRAMEWORK_HEADER = YES;
				CLANG_WARN_RANGE_LOOP_ANALYSIS = YES;
				CLANG_WARN_STRICT_PROTOTYPES = YES;
				CLANG_WARN_SUSPICIOUS_MOVE = YES;
				CLANG_WARN_UNGUARDED_AVAILABILITY = YES_AGGRESSIVE;
				CLANG_WARN_UNREACHABLE_CODE = YES;
				CLANG_WARN__DUPLICATE_METHOD_MATCH = YES;
				COPY_PHASE_STRIP = NO;
				DEBUG_INFORMATION_FORMAT = dwarf;
				ENABLE_STRICT_OBJC_MSGSEND = YES;
				ENABLE_TESTABILITY = YES;
				GCC_C_LANGUAGE_STANDARD = gnu11;
				GCC_DYNAMIC_NO_PIC = NO;
				GCC_NO_COMMON_BLOCKS = YES;
				GCC_OPTIMIZATION_LEVEL = 0;
				GCC_PREPROCESSOR_DEFINITIONS = (
					"DEBUG=1",
					"$(inherited)",
				);
				GCC_WARN_64_TO_32_BIT_CONVERSION = YES;
				GCC_WARN_ABOUT_RETURN_TYPE = YES_ERROR;
				GCC_WARN_UNDECLARED_SELECTOR = YES;
				GCC_WARN_UNINITIALIZED_AUTOS = YES_AGGRESSIVE;
				GCC_WARN_UNUSED_FUNCTION = YES;
				GCC_WARN_UNUSED_VARIABLE = YES;
				MTL_ENABLE_DEBUG_INFO = INCLUDE_SOURCE;
				MTL_FAST_MATH = YES;
				ONLY_ACTIVE_ARCH = YES;
				SWIFT_ACTIVE_COMPILATION_CONDITIONS = DEBUG;
				SWIFT_OPTIMIZATION_LEVEL = "-Onone";
			};
			name = Debug;
		};
		8272B995299C6DDE00A13C05 /* Release */ = {
			isa = XCBuildConfiguration;
			buildSettings = {
				ALWAYS_SEARCH_USER_PATHS = NO;
				CLANG_ANALYZER_NONNULL = YES;
				CLANG_ANALYZER_NUMBER_OBJECT_CONVERSION = YES_AGGRESSIVE;
				CLANG_CXX_LANGUAGE_STANDARD = "gnu++20";
				CLANG_ENABLE_MODULES = YES;
				CLANG_ENABLE_OBJC_ARC = YES;
				CLANG_ENABLE_OBJC_WEAK = YES;
				CLANG_WARN_BLOCK_CAPTURE_AUTORELEASING = YES;
				CLANG_WARN_BOOL_CONVERSION = YES;
				CLANG_WARN_COMMA = YES;
				CLANG_WARN_CONSTANT_CONVERSION = YES;
				CLANG_WARN_DEPRECATED_OBJC_IMPLEMENTATIONS = YES;
				CLANG_WARN_DIRECT_OBJC_ISA_USAGE = YES_ERROR;
				CLANG_WARN_DOCUMENTATION_COMMENTS = YES;
				CLANG_WARN_EMPTY_BODY = YES;
				CLANG_WARN_ENUM_CONVERSION = YES;
				CLANG_WARN_INFINITE_RECURSION = YES;
				CLANG_WARN_INT_CONVERSION = YES;
				CLANG_WARN_NON_LITERAL_NULL_CONVERSION = YES;
				CLANG_WARN_OBJC_IMPLICIT_RETAIN_SELF = YES;
				CLANG_WARN_OBJC_LITERAL_CONVERSION = YES;
				CLANG_WARN_OBJC_ROOT_CLASS = YES_ERROR;
				CLANG_WARN_QUOTED_INCLUDE_IN_FRAMEWORK_HEADER = YES;
				CLANG_WARN_RANGE_LOOP_ANALYSIS = YES;
				CLANG_WARN_STRICT_PROTOTYPES = YES;
				CLANG_WARN_SUSPICIOUS_MOVE = YES;
				CLANG_WARN_UNGUARDED_AVAILABILITY = YES_AGGRESSIVE;
				CLANG_WARN_UNREACHABLE_CODE = YES;
				CLANG_WARN__DUPLICATE_METHOD_MATCH = YES;
				COPY_PHASE_STRIP = NO;
				DEBUG_INFORMATION_FORMAT = "dwarf-with-dsym";
				ENABLE_NS_ASSERTIONS = NO;
				ENABLE_STRICT_OBJC_MSGSEND = YES;
				GCC_C_LANGUAGE_STANDARD = gnu11;
				GCC_NO_COMMON_BLOCKS = YES;
				GCC_WARN_64_TO_32_BIT_CONVERSION = YES;
				GCC_WARN_ABOUT_RETURN_TYPE = YES_ERROR;
				GCC_WARN_UNDECLARED_SELECTOR = YES;
				GCC_WARN_UNINITIALIZED_AUTOS = YES_AGGRESSIVE;
				GCC_WARN_UNUSED_FUNCTION = YES;
				GCC_WARN_UNUSED_VARIABLE = YES;
				MTL_ENABLE_DEBUG_INFO = NO;
				MTL_FAST_MATH = YES;
				SWIFT_COMPILATION_MODE = wholemodule;
				SWIFT_OPTIMIZATION_LEVEL = "-O";
			};
			name = Release;
		};
		8272B997299C6DDE00A13C05 /* Debug */ = {
			isa = XCBuildConfiguration;
			buildSettings = {
				ASSETCATALOG_COMPILER_APPICON_NAME = AppIcon;
				ASSETCATALOG_COMPILER_GLOBAL_ACCENT_COLOR_NAME = AccentColor;
				CODE_SIGN_ENTITLEMENTS = CSE335Lab3/CSE335Lab3.entitlements;
				CODE_SIGN_STYLE = Automatic;
				CURRENT_PROJECT_VERSION = 1;
				DEVELOPMENT_ASSET_PATHS = "\"CSE335Lab3/Preview Content\"";
				ENABLE_PREVIEWS = YES;
				GENERATE_INFOPLIST_FILE = YES;
				"INFOPLIST_KEY_UIApplicationSceneManifest_Generation[sdk=iphoneos*]" = YES;
				"INFOPLIST_KEY_UIApplicationSceneManifest_Generation[sdk=iphonesimulator*]" = YES;
				"INFOPLIST_KEY_UIApplicationSupportsIndirectInputEvents[sdk=iphoneos*]" = YES;
				"INFOPLIST_KEY_UIApplicationSupportsIndirectInputEvents[sdk=iphonesimulator*]" = YES;
				"INFOPLIST_KEY_UILaunchScreen_Generation[sdk=iphoneos*]" = YES;
				"INFOPLIST_KEY_UILaunchScreen_Generation[sdk=iphonesimulator*]" = YES;
				"INFOPLIST_KEY_UIStatusBarStyle[sdk=iphoneos*]" = UIStatusBarStyleDefault;
				"INFOPLIST_KEY_UIStatusBarStyle[sdk=iphonesimulator*]" = UIStatusBarStyleDefault;
				INFOPLIST_KEY_UISupportedInterfaceOrientations_iPad = "UIInterfaceOrientationPortrait UIInterfaceOrientationPortraitUpsideDown UIInterfaceOrientationLandscapeLeft UIInterfaceOrientationLandscapeRight";
				INFOPLIST_KEY_UISupportedInterfaceOrientations_iPhone = "UIInterfaceOrientationPortrait UIInterfaceOrientationLandscapeLeft UIInterfaceOrientationLandscapeRight";
				IPHONEOS_DEPLOYMENT_TARGET = 16.2;
				LD_RUNPATH_SEARCH_PATHS = "@executable_path/Frameworks";
				"LD_RUNPATH_SEARCH_PATHS[sdk=macosx*]" = "@executable_path/../Frameworks";
				MACOSX_DEPLOYMENT_TARGET = 13.1;
				MARKETING_VERSION = 1.0;
				PRODUCT_BUNDLE_IDENTIFIER = "Arjun-Dadhwal-ID-1219733788.CSE335Lab3";
				PRODUCT_NAME = "$(TARGET_NAME)";
				SDKROOT = auto;
				SUPPORTED_PLATFORMS = "iphoneos iphonesimulator macosx";
				SWIFT_EMIT_LOC_STRINGS = YES;
				SWIFT_VERSION = 5.0;
				TARGETED_DEVICE_FAMILY = "1,2";
			};
			name = Debug;
		};
		8272B998299C6DDE00A13C05 /* Release */ = {
			isa = XCBuildConfiguration;
			buildSettings = {
				ASSETCATALOG_COMPILER_APPICON_NAME = AppIcon;
				ASSETCATALOG_COMPILER_GLOBAL_ACCENT_COLOR_NAME = AccentColor;
				CODE_SIGN_ENTITLEMENTS = CSE335Lab3/CSE335Lab3.entitlements;
				CODE_SIGN_STYLE = Automatic;
				CURRENT_PROJECT_VERSION = 1;
				DEVELOPMENT_ASSET_PATHS = "\"CSE335Lab3/Preview Content\"";
				ENABLE_PREVIEWS = YES;
				GENERATE_INFOPLIST_FILE = YES;
				"INFOPLIST_KEY_UIApplicationSceneManifest_Generation[sdk=iphoneos*]" = YES;
				"INFOPLIST_KEY_UIApplicationSceneManifest_Generation[sdk=iphonesimulator*]" = YES;
				"INFOPLIST_KEY_UIApplicationSupportsIndirectInputEvents[sdk=iphoneos*]" = YES;
				"INFOPLIST_KEY_UIApplicationSupportsIndirectInputEvents[sdk=iphonesimulator*]" = YES;
				"INFOPLIST_KEY_UILaunchScreen_Generation[sdk=iphoneos*]" = YES;
				"INFOPLIST_KEY_UILaunchScreen_Generation[sdk=iphonesimulator*]" = YES;
				"INFOPLIST_KEY_UIStatusBarStyle[sdk=iphoneos*]" = UIStatusBarStyleDefault;
				"INFOPLIST_KEY_UIStatusBarStyle[sdk=iphonesimulator*]" = UIStatusBarStyleDefault;
				INFOPLIST_KEY_UISupportedInterfaceOrientations_iPad = "UIInterfaceOrientationPortrait UIInterfaceOrientationPortraitUpsideDown UIInterfaceOrientationLandscapeLeft UIInterfaceOrientationLandscapeRight";
				INFOPLIST_KEY_UISupportedInterfaceOrientations_iPhone = "UIInterfaceOrientationPortrait UIInterfaceOrientationLandscapeLeft UIInterfaceOrientationLandscapeRight";
				IPHONEOS_DEPLOYMENT_TARGET = 16.2;
				LD_RUNPATH_SEARCH_PATHS = "@executable_path/Frameworks";
				"LD_RUNPATH_SEARCH_PATHS[sdk=macosx*]" = "@executable_path/../Frameworks";
				MACOSX_DEPLOYMENT_TARGET = 13.1;
				MARKETING_VERSION = 1.0;
				PRODUCT_BUNDLE_IDENTIFIER = "Arjun-Dadhwal-ID-1219733788.CSE335Lab3";
				PRODUCT_NAME = "$(TARGET_NAME)";
				SDKROOT = auto;
				SUPPORTED_PLATFORMS = "iphoneos iphonesimulator macosx";
				SWIFT_EMIT_LOC_STRINGS = YES;
				SWIFT_VERSION = 5.0;
				TARGETED_DEVICE_FAMILY = "1,2";
			};
			name = Release;
		};
		8272B99A299C6DDE00A13C05 /* Debug */ = {
			isa = XCBuildConfiguration;
			buildSettings = {
				ALWAYS_EMBED_SWIFT_STANDARD_LIBRARIES = YES;
				BUNDLE_LOADER = "$(TEST_HOST)";
				CODE_SIGN_STYLE = Automatic;
				CURRENT_PROJECT_VERSION = 1;
				GENERATE_INFOPLIST_FILE = YES;
				IPHONEOS_DEPLOYMENT_TARGET = 16.2;
				MACOSX_DEPLOYMENT_TARGET = 13.1;
				MARKETING_VERSION = 1.0;
				PRODUCT_BUNDLE_IDENTIFIER = "Arjun-Dadhwal-ID-1219733788.CSE335Lab3Tests";
				PRODUCT_NAME = "$(TARGET_NAME)";
				SDKROOT = auto;
				SUPPORTED_PLATFORMS = "iphoneos iphonesimulator macosx";
				SWIFT_EMIT_LOC_STRINGS = NO;
				SWIFT_VERSION = 5.0;
				TARGETED_DEVICE_FAMILY = "1,2";
				TEST_HOST = "$(BUILT_PRODUCTS_DIR)/CSE335Lab3.app/$(BUNDLE_EXECUTABLE_FOLDER_PATH)/CSE335Lab3";
			};
			name = Debug;
		};
		8272B99B299C6DDE00A13C05 /* Release */ = {
			isa = XCBuildConfiguration;
			buildSettings = {
				ALWAYS_EMBED_SWIFT_STANDARD_LIBRARIES = YES;
				BUNDLE_LOADER = "$(TEST_HOST)";
				CODE_SIGN_STYLE = Automatic;
				CURRENT_PROJECT_VERSION = 1;
				GENERATE_INFOPLIST_FILE = YES;
				IPHONEOS_DEPLOYMENT_TARGET = 16.2;
				MACOSX_DEPLOYMENT_TARGET = 13.1;
				MARKETING_VERSION = 1.0;
				PRODUCT_BUNDLE_IDENTIFIER = "Arjun-Dadhwal-ID-1219733788.CSE335Lab3Tests";
				PRODUCT_NAME = "$(TARGET_NAME)";
				SDKROOT = auto;
				SUPPORTED_PLATFORMS = "iphoneos iphonesimulator macosx";
				SWIFT_EMIT_LOC_STRINGS = NO;
				SWIFT_VERSION = 5.0;
				TARGETED_DEVICE_FAMILY = "1,2";
				TEST_HOST = "$(BUILT_PRODUCTS_DIR)/CSE335Lab3.app/$(BUNDLE_EXECUTABLE_FOLDER_PATH)/CSE335Lab3";
			};
			name = Release;
		};
		8272B99D299C6DDE00A13C05 /* Debug */ = {
			isa = XCBuildConfiguration;
			buildSettings = {
				ALWAYS_EMBED_SWIFT_STANDARD_LIBRARIES = YES;
				CODE_SIGN_STYLE = Automatic;
				CURRENT_PROJECT_VERSION = 1;
				GENERATE_INFOPLIST_FILE = YES;
				IPHONEOS_DEPLOYMENT_TARGET = 16.2;
				MACOSX_DEPLOYMENT_TARGET = 13.1;
				MARKETING_VERSION = 1.0;
				PRODUCT_BUNDLE_IDENTIFIER = "Arjun-Dadhwal-ID-1219733788.CSE335Lab3UITests";
				PRODUCT_NAME = "$(TARGET_NAME)";
				SDKROOT = auto;
				SUPPORTED_PLATFORMS = "iphoneos iphonesimulator macosx";
				SWIFT_EMIT_LOC_STRINGS = NO;
				SWIFT_VERSION = 5.0;
				TARGETED_DEVICE_FAMILY = "1,2";
				TEST_TARGET_NAME = CSE335Lab3;
			};
			name = Debug;
		};
		8272B99E299C6DDE00A13C05 /* Release */ = {
			isa = XCBuildConfiguration;
			buildSettings = {
				ALWAYS_EMBED_SWIFT_STANDARD_LIBRARIES = YES;
				CODE_SIGN_STYLE = Automatic;
				CURRENT_PROJECT_VERSION = 1;
				GENERATE_INFOPLIST_FILE = YES;
				IPHONEOS_DEPLOYMENT_TARGET = 16.2;
				MACOSX_DEPLOYMENT_TARGET = 13.1;
				MARKETING_VERSION = 1.0;
				PRODUCT_BUNDLE_IDENTIFIER = "Arjun-Dadhwal-ID-1219733788.CSE335Lab3UITests";
				PRODUCT_NAME = "$(TARGET_NAME)";
				SDKROOT = auto;
				SUPPORTED_PLATFORMS = "iphoneos iphonesimulator macosx";
				SWIFT_EMIT_LOC_STRINGS = NO;
				SWIFT_VERSION = 5.0;
				TARGETED_DEVICE_FAMILY = "1,2";
				TEST_TARGET_NAME = CSE335Lab3;
			};
			name = Release;
		};
/* End XCBuildConfiguration section */

/* Begin XCConfigurationList section */
		8272B96C299C6DDD00A13C05 /* Build configuration list for PBXProject "CSE335Lab3" */ = {
			isa = XCConfigurationList;
			buildConfigurations = (
				8272B994299C6DDE00A13C05 /* Debug */,
				8272B995299C6DDE00A13C05 /* Release */,
			);
			defaultConfigurationIsVisible = 0;
			defaultConfigurationName = Release;
		};
		8272B996299C6DDE00A13C05 /* Build configuration list for PBXNativeTarget "CSE335Lab3" */ = {
			isa = XCConfigurationList;
			buildConfigurations = (
				8272B997299C6DDE00A13C05 /* Debug */,
				8272B998299C6DDE00A13C05 /* Release */,
			);
			defaultConfigurationIsVisible = 0;
			defaultConfigurationName = Release;
		};
		8272B999299C6DDE00A13C05 /* Build configuration list for PBXNativeTarget "CSE335Lab3Tests" */ = {
			isa = XCConfigurationList;
			buildConfigurations = (
				8272B99A299C6DDE00A13C05 /* Debug */,
				8272B99B299C6DDE00A13C05 /* Release */,
			);
			defaultConfigurationIsVisible = 0;
			defaultConfigurationName = Release;
		};
		8272B99C299C6DDE00A13C05 /* Build configuration list for PBXNativeTarget "CSE335Lab3UITests" */ = {
			isa = XCConfigurationList;
			buildConfigurations = (
				8272B99D299C6DDE00A13C05 /* Debug */,
				8272B99E299C6DDE00A13C05 /* Release */,
			);
			defaultConfigurationIsVisible = 0;
			defaultConfigurationName = Release;
		};
/* End XCConfigurationList section */
	};
	rootObject = 8272B969299C6DDD00A13C05 /* Project object */;
}
